
Microsoft Visual Studio Solution File, Format Version 12.00
# Visual Studio Version 17
VisualStudioVersion = 17.2.32519.379
MinimumVisualStudioVersion = 10.0.40219.1
Project("{9A19103F-16F7-4668-BE54-9A1E7A4F7556}") = "DistancePriceCaptureOCR", "DistancePriceCaptureOCR\DistancePriceCaptureOCR.csproj", "{1868FE54-A35F-4A1F-9DE0-FD97CE5B39A7}"
EndProject
Global
	GlobalSection(SolutionConfigurationPlatforms) = preSolution
		Debug|Any CPU = Debug|Any CPU
		Debug|x86 = Debug|x86
		Release|Any CPU = Release|Any CPU
		Release|x86 = Release|x86
	EndGlobalSection
	GlobalSection(ProjectConfigurationPlatforms) = postSolution
		{1868FE54-A35F-4A1F-9DE0-FD97CE5B39A7}.Debug|Any CPU.ActiveCfg = Debug|Any CPU
		{1868FE54-A35F-4A1F-9DE0-FD97CE5B39A7}.Debug|Any CPU.Build.0 = Debug|Any CPU
		{1868FE54-A35F-4A1F-9DE0-FD97CE5B39A7}.Debug|x86.ActiveCfg = Debug|Any CPU
		{1868FE54-A35F-4A1F-9DE0-FD97CE5B39A7}.Debug|x86.Build.0 = Debug|Any CPU
		{1868FE54-A35F-4A1F-9DE0-FD97CE5B39A7}.Release|Any CPU.ActiveCfg = Release|Any CPU
		{1868FE54-A35F-4A1F-9DE0-FD97CE5B39A7}.Release|Any CPU.Build.0 = Release|Any CPU
		{1868FE54-A35F-4A1F-9DE0-FD97CE5B39A7}.Release|x86.ActiveCfg = Release|Any CPU
		{1868FE54-A35F-4A1F-9DE0-FD97CE5B39A7}.Release|x86.Build.0 = Release|Any CPU
	EndGlobalSection
	GlobalSection(SolutionProperties) = preSolution
		HideSolutionNode = FALSE
	EndGlobalSection
	GlobalSection(ExtensibilityGlobals) = postSolution
		SolutionGuid = {3EEA481D-075F-4974-A7F7-7B0518EAE9B0}
	EndGlobalSection
EndGlobal
